// !$*UTF8*$!
{
	archiveVersion = 1;
	classes = {
	};
	objectVersion = 77;
	objects = {

/* Begin PBXContainerItemProxy section */
		BD5E657F2DC05146007E7D62 /* PBXContainerItemProxy */ = {
			isa = PBXContainerItemProxy;
			containerPortal = BD5E65662DC05143007E7D62 /* Project object */;
			proxyType = 1;
			remoteGlobalIDString = BD5E656D2DC05143007E7D62;
			remoteInfo = "lesson 14 output";
		};
		BD5E65892DC05146007E7D62 /* PBXContainerItemProxy */ = {
			isa = PBXContainerItemProxy;
			containerPortal = BD5E65662DC05143007E7D62 /* Project object */;
			proxyType = 1;
			remoteGlobalIDString = BD5E656D2DC05143007E7D62;
			remoteInfo = "lesson 14 output";
		};
/* End PBXContainerItemProxy section */

/* Begin PBXFileReference section */
		BD5E656E2DC05143007E7D62 /* lesson 14 output.app */ = {isa = PBXFileReference; explicitFileType = wrapper.application; includeInIndex = 0; path = "lesson 14 output.app"; sourceTree = BUILT_PRODUCTS_DIR; };
		BD5E657E2DC05146007E7D62 /* lesson 14 outputTests.xctest */ = {isa = PBXFileReference; explicitFileType = wrapper.cfbundle; includeInIndex = 0; path = "lesson 14 outputTests.xctest"; sourceTree = BUILT_PRODUCTS_DIR; };
		BD5E65882DC05146007E7D62 /* lesson 14 outputUITests.xctest */ = {isa = PBXFileReference; explicitFileType = wrapper.cfbundle; includeInIndex = 0; path = "lesson 14 outputUITests.xctest"; sourceTree = BUILT_PRODUCTS_DIR; };
/* End PBXFileReference section */

/* Begin PBXFileSystemSynchronizedRootGroup section */
		BD5E65702DC05143007E7D62 /* lesson 14 output */ = {
			isa = PBXFileSystemSynchronizedRootGroup;
			path = "lesson 14 output";
			sourceTree = "<group>";
		};
		BD5E65812DC05146007E7D62 /* lesson 14 outputTests */ = {
			isa = PBXFileSystemSynchronizedRootGroup;
			path = "lesson 14 outputTests";
			sourceTree = "<group>";
		};
		BD5E658B2DC05146007E7D62 /* lesson 14 outputUITests */ = {
			isa = PBXFileSystemSynchronizedRootGroup;
			path = "lesson 14 outputUITests";
			sourceTree = "<group>";
		};
/* End PBXFileSystemSynchronizedRootGroup section */

/* Begin PBXFrameworksBuildPhase section */
		BD5E656B2DC05143007E7D62 /* Frameworks */ = {
			isa = PBXFrameworksBuildPhase;
			buildActionMask = 2147483647;
			files = (
			);
			runOnlyForDeploymentPostprocessing = 0;
		};
		BD5E657B2DC05146007E7D62 /* Frameworks */ = {
			isa = PBXFrameworksBuildPhase;
			buildActionMask = 2147483647;
			files = (
			);
			runOnlyForDeploymentPostprocessing = 0;
		};
		BD5E65852DC05146007E7D62 /* Frameworks */ = {
			isa = PBXFrameworksBuildPhase;
			buildActionMask = 2147483647;
			files = (
			);
			runOnlyForDeploymentPostprocessing = 0;
		};
/* End PBXFrameworksBuildPhase section */

/* Begin PBXGroup section */
		BD5E65652DC05143007E7D62 = {
			isa = PBXGroup;
			children = (
				BD5E65702DC05143007E7D62 /* lesson 14 output */,
				BD5E65812DC05146007E7D62 /* lesson 14 outputTests */,
				BD5E658B2DC05146007E7D62 /* lesson 14 outputUITests */,
				BD5E656F2DC05143007E7D62 /* Products */,
			);
			sourceTree = "<group>";
		};
		BD5E656F2DC05143007E7D62 /* Products */ = {
			isa = PBXGroup;
			children = (
				BD5E656E2DC05143007E7D62 /* lesson 14 output.app */,
				BD5E657E2DC05146007E7D62 /* lesson 14 outputTests.xctest */,
				BD5E65882DC05146007E7D62 /* lesson 14 outputUITests.xctest */,
			);
			name = Products;
			sourceTree = "<group>";
		};
/* End PBXGroup section */

/* Begin PBXNativeTarget section */
		BD5E656D2DC05143007E7D62 /* lesson 14 output */ = {
			isa = PBXNativeTarget;
			buildConfigurationList = BD5E65922DC05146007E7D62 /* Build configuration list for PBXNativeTarget "lesson 14 output" */;
			buildPhases = (
				BD5E656A2DC05143007E7D62 /* Sources */,
				BD5E656B2DC05143007E7D62 /* Frameworks */,
				BD5E656C2DC05143007E7D62 /* Resources */,
			);
			buildRules = (
			);
			dependencies = (
			);
			fileSystemSynchronizedGroups = (
				BD5E65702DC05143007E7D62 /* lesson 14 output */,
			);
			name = "lesson 14 output";
			packageProductDependencies = (
			);
			productName = "lesson 14 output";
			productReference = BD5E656E2DC05143007E7D62 /* lesson 14 output.app */;
			productType = "com.apple.product-type.application";
		};
		BD5E657D2DC05146007E7D62 /* lesson 14 outputTests */ = {
			isa = PBXNativeTarget;
			buildConfigurationList = BD5E65952DC05146007E7D62 /* Build configuration list for PBXNativeTarget "lesson 14 outputTests" */;
			buildPhases = (
				BD5E657A2DC05146007E7D62 /* Sources */,
				BD5E657B2DC05146007E7D62 /* Frameworks */,
				BD5E657C2DC05146007E7D62 /* Resources */,
			);
			buildRules = (
			);
			dependencies = (
				BD5E65802DC05146007E7D62 /* PBXTargetDependency */,
			);
			fileSystemSynchronizedGroups = (
				BD5E65812DC05146007E7D62 /* lesson 14 outputTests */,
			);
			name = "lesson 14 outputTests";
			packageProductDependencies = (
			);
			productName = "lesson 14 outputTests";
			productReference = BD5E657E2DC05146007E7D62 /* lesson 14 outputTests.xctest */;
			productType = "com.apple.product-type.bundle.unit-test";
		};
		BD5E65872DC05146007E7D62 /* lesson 14 outputUITests */ = {
			isa = PBXNativeTarget;
			buildConfigurationList = BD5E65982DC05146007E7D62 /* Build configuration list for PBXNativeTarget "lesson 14 outputUITests" */;
			buildPhases = (
				BD5E65842DC05146007E7D62 /* Sources */,
				BD5E65852DC05146007E7D62 /* Frameworks */,
				BD5E65862DC05146007E7D62 /* Resources */,
			);
			buildRules = (
			);
			dependencies = (
				BD5E658A2DC05146007E7D62 /* PBXTargetDependency */,
			);
			fileSystemSynchronizedGroups = (
				BD5E658B2DC05146007E7D62 /* lesson 14 outputUITests */,
			);
			name = "lesson 14 outputUITests";
			packageProductDependencies = (
			);
			productName = "lesson 14 outputUITests";
			productReference = BD5E65882DC05146007E7D62 /* lesson 14 outputUITests.xctest */;
			productType = "com.apple.product-type.bundle.ui-testing";
		};
/* End PBXNativeTarget section */

/* Begin PBXProject section */
		BD5E65662DC05143007E7D62 /* Project object */ = {
			isa = PBXProject;
			attributes = {
				BuildIndependentTargetsInParallel = 1;
				LastSwiftUpdateCheck = 1620;
				LastUpgradeCheck = 1620;
				TargetAttributes = {
					BD5E656D2DC05143007E7D62 = {
						CreatedOnToolsVersion = 16.2;
					};
					BD5E657D2DC05146007E7D62 = {
						CreatedOnToolsVersion = 16.2;
						TestTargetID = BD5E656D2DC05143007E7D62;
					};
					BD5E65872DC05146007E7D62 = {
						CreatedOnToolsVersion = 16.2;
						TestTargetID = BD5E656D2DC05143007E7D62;
					};
				};
			};
			buildConfigurationList = BD5E65692DC05143007E7D62 /* Build configuration list for PBXProject "lesson 14 output" */;
			developmentRegion = en;
			hasScannedForEncodings = 0;
			knownRegions = (
				en,
				Base,
			);
			mainGroup = BD5E65652DC05143007E7D62;
			minimizedProjectReferenceProxies = 1;
			preferredProjectObjectVersion = 77;
			productRefGroup = BD5E656F2DC05143007E7D62 /* Products */;
			projectDirPath = "";
			projectRoot = "";
			targets = (
				BD5E656D2DC05143007E7D62 /* lesson 14 output */,
				BD5E657D2DC05146007E7D62 /* lesson 14 outputTests */,
				BD5E65872DC05146007E7D62 /* lesson 14 outputUITests */,
			);
		};
/* End PBXProject section */

/* Begin PBXResourcesBuildPhase section */
		BD5E656C2DC05143007E7D62 /* Resources */ = {
			isa = PBXResourcesBuildPhase;
			buildActionMask = 2147483647;
			files = (
			);
			runOnlyForDeploymentPostprocessing = 0;
		};
		BD5E657C2DC05146007E7D62 /* Resources */ = {
			isa = PBXResourcesBuildPhase;
			buildActionMask = 2147483647;
			files = (
			);
			runOnlyForDeploymentPostprocessing = 0;
		};
		BD5E65862DC05146007E7D62 /* Resources */ = {
			isa = PBXResourcesBuildPhase;
			buildActionMask = 2147483647;
			files = (
			);
			runOnlyForDeploymentPostprocessing = 0;
		};
/* End PBXResourcesBuildPhase section */

/* Begin PBXSourcesBuildPhase section */
		BD5E656A2DC05143007E7D62 /* Sources */ = {
			isa = PBXSourcesBuildPhase;
			buildActionMask = 2147483647;
			files = (
			);
			runOnlyForDeploymentPostprocessing = 0;
		};
		BD5E657A2DC05146007E7D62 /* Sources */ = {
			isa = PBXSourcesBuildPhase;
			buildActionMask = 2147483647;
			files = (
			);
			runOnlyForDeploymentPostprocessing = 0;
		};
		BD5E65842DC05146007E7D62 /* Sources */ = {
			isa = PBXSourcesBuildPhase;
			buildActionMask = 2147483647;
			files = (
			);
			runOnlyForDeploymentPostprocessing = 0;
		};
/* End PBXSourcesBuildPhase section */

/* Begin PBXTargetDependency section */
		BD5E65802DC05146007E7D62 /* PBXTargetDependency */ = {
			isa = PBXTargetDependency;
			target = BD5E656D2DC05143007E7D62 /* lesson 14 output */;
			targetProxy = BD5E657F2DC05146007E7D62 /* PBXContainerItemProxy */;
		};
		BD5E658A2DC05146007E7D62 /* PBXTargetDependency */ = {
			isa = PBXTargetDependency;
			target = BD5E656D2DC05143007E7D62 /* lesson 14 output */;
			targetProxy = BD5E65892DC05146007E7D62 /* PBXContainerItemProxy */;
		};
/* End PBXTargetDependency section */

/* Begin XCBuildConfiguration section */
		BD5E65902DC05146007E7D62 /* Debug */ = {
			isa = XCBuildConfiguration;
			buildSettings = {
				ALWAYS_SEARCH_USER_PATHS = NO;
				ASSETCATALOG_COMPILER_GENERATE_SWIFT_ASSET_SYMBOL_EXTENSIONS = YES;
				CLANG_ANALYZER_NONNULL = YES;
				CLANG_ANALYZER_NUMBER_OBJECT_CONVERSION = YES_AGGRESSIVE;
				CLANG_CXX_LANGUAGE_STANDARD = "gnu++20";
				CLANG_ENABLE_MODULES = YES;
				CLANG_ENABLE_OBJC_ARC = YES;
				CLANG_ENABLE_OBJC_WEAK = YES;
				CLANG_WARN_BLOCK_CAPTURE_AUTORELEASING = YES;
				CLANG_WARN_BOOL_CONVERSION = YES;
				CLANG_WARN_COMMA = YES;
				CLANG_WARN_CONSTANT_CONVERSION = YES;
				CLANG_WARN_DEPRECATED_OBJC_IMPLEMENTATIONS = YES;
				CLANG_WARN_DIRECT_OBJC_ISA_USAGE = YES_ERROR;
				CLANG_WARN_DOCUMENTATION_COMMENTS = YES;
				CLANG_WARN_EMPTY_BODY = YES;
				CLANG_WARN_ENUM_CONVERSION = YES;
				CLANG_WARN_INFINITE_RECURSION = YES;
				CLANG_WARN_INT_CONVERSION = YES;
				CLANG_WARN_NON_LITERAL_NULL_CONVERSION = YES;
				CLANG_WARN_OBJC_IMPLICIT_RETAIN_SELF = YES;
				CLANG_WARN_OBJC_LITERAL_CONVERSION = YES;
				CLANG_WARN_OBJC_ROOT_CLASS = YES_ERROR;
				CLANG_WARN_QUOTED_INCLUDE_IN_FRAMEWORK_HEADER = YES;
				CLANG_WARN_RANGE_LOOP_ANALYSIS = YES;
				CLANG_WARN_STRICT_PROTOTYPES = YES;
				CLANG_WARN_SUSPICIOUS_MOVE = YES;
				CLANG_WARN_UNGUARDED_AVAILABILITY = YES_AGGRESSIVE;
				CLANG_WARN_UNREACHABLE_CODE = YES;
				CLANG_WARN__DUPLICATE_METHOD_MATCH = YES;
				COPY_PHASE_STRIP = NO;
				DEBUG_INFORMATION_FORMAT = dwarf;
				ENABLE_STRICT_OBJC_MSGSEND = YES;
				ENABLE_TESTABILITY = YES;
				ENABLE_USER_SCRIPT_SANDBOXING = YES;
				GCC_C_LANGUAGE_STANDARD = gnu17;
				GCC_DYNAMIC_NO_PIC = NO;
				GCC_NO_COMMON_BLOCKS = YES;
				GCC_OPTIMIZATION_LEVEL = 0;
				GCC_PREPROCESSOR_DEFINITIONS = (
					"DEBUG=1",
					"$(inherited)",
				);
				GCC_WARN_64_TO_32_BIT_CONVERSION = YES;
				GCC_WARN_ABOUT_RETURN_TYPE = YES_ERROR;
				GCC_WARN_UNDECLARED_SELECTOR = YES;
				GCC_WARN_UNINITIALIZED_AUTOS = YES_AGGRESSIVE;
				GCC_WARN_UNUSED_FUNCTION = YES;
				GCC_WARN_UNUSED_VARIABLE = YES;
				IPHONEOS_DEPLOYMENT_TARGET = 18.2;
				LOCALIZATION_PREFERS_STRING_CATALOGS = YES;
				MTL_ENABLE_DEBUG_INFO = INCLUDE_SOURCE;
				MTL_FAST_MATH = YES;
				ONLY_ACTIVE_ARCH = YES;
				SDKROOT = iphoneos;
				SWIFT_ACTIVE_COMPILATION_CONDITIONS = "DEBUG $(inherited)";
				SWIFT_OPTIMIZATION_LEVEL = "-Onone";
			};
			name = Debug;
		};
		BD5E65912DC05146007E7D62 /* Release */ = {
			isa = XCBuildConfiguration;
			buildSettings = {
				ALWAYS_SEARCH_USER_PATHS = NO;
				ASSETCATALOG_COMPILER_GENERATE_SWIFT_ASSET_SYMBOL_EXTENSIONS = YES;
				CLANG_ANALYZER_NONNULL = YES;
				CLANG_ANALYZER_NUMBER_OBJECT_CONVERSION = YES_AGGRESSIVE;
				CLANG_CXX_LANGUAGE_STANDARD = "gnu++20";
				CLANG_ENABLE_MODULES = YES;
				CLANG_ENABLE_OBJC_ARC = YES;
				CLANG_ENABLE_OBJC_WEAK = YES;
				CLANG_WARN_BLOCK_CAPTURE_AUTORELEASING = YES;
				CLANG_WARN_BOOL_CONVERSION = YES;
				CLANG_WARN_COMMA = YES;
				CLANG_WARN_CONSTANT_CONVERSION = YES;
				CLANG_WARN_DEPRECATED_OBJC_IMPLEMENTATIONS = YES;
				CLANG_WARN_DIRECT_OBJC_ISA_USAGE = YES_ERROR;
				CLANG_WARN_DOCUMENTATION_COMMENTS = YES;
				CLANG_WARN_EMPTY_BODY = YES;
				CLANG_WARN_ENUM_CONVERSION = YES;
				CLANG_WARN_INFINITE_RECURSION = YES;
				CLANG_WARN_INT_CONVERSION = YES;
				CLANG_WARN_NON_LITERAL_NULL_CONVERSION = YES;
				CLANG_WARN_OBJC_IMPLICIT_RETAIN_SELF = YES;
				CLANG_WARN_OBJC_LITERAL_CONVERSION = YES;
				CLANG_WARN_OBJC_ROOT_CLASS = YES_ERROR;
				CLANG_WARN_QUOTED_INCLUDE_IN_FRAMEWORK_HEADER = YES;
				CLANG_WARN_RANGE_LOOP_ANALYSIS = YES;
				CLANG_WARN_STRICT_PROTOTYPES = YES;
				CLANG_WARN_SUSPICIOUS_MOVE = YES;
				CLANG_WARN_UNGUARDED_AVAILABILITY = YES_AGGRESSIVE;
				CLANG_WARN_UNREACHABLE_CODE = YES;
				CLANG_WARN__DUPLICATE_METHOD_MATCH = YES;
				COPY_PHASE_STRIP = NO;
				DEBUG_INFORMATION_FORMAT = "dwarf-with-dsym";
				ENABLE_NS_ASSERTIONS = NO;
				ENABLE_STRICT_OBJC_MSGSEND = YES;
				ENABLE_USER_SCRIPT_SANDBOXING = YES;
				GCC_C_LANGUAGE_STANDARD = gnu17;
				GCC_NO_COMMON_BLOCKS = YES;
				GCC_WARN_64_TO_32_BIT_CONVERSION = YES;
				GCC_WARN_ABOUT_RETURN_TYPE = YES_ERROR;
				GCC_WARN_UNDECLARED_SELECTOR = YES;
				GCC_WARN_UNINITIALIZED_AUTOS = YES_AGGRESSIVE;
				GCC_WARN_UNUSED_FUNCTION = YES;
				GCC_WARN_UNUSED_VARIABLE = YES;
				IPHONEOS_DEPLOYMENT_TARGET = 18.2;
				LOCALIZATION_PREFERS_STRING_CATALOGS = YES;
				MTL_ENABLE_DEBUG_INFO = NO;
				MTL_FAST_MATH = YES;
				SDKROOT = iphoneos;
				SWIFT_COMPILATION_MODE = wholemodule;
				VALIDATE_PRODUCT = YES;
			};
			name = Release;
		};
		BD5E65932DC05146007E7D62 /* Debug */ = {
			isa = XCBuildConfiguration;
			buildSettings = {
				ASSETCATALOG_COMPILER_APPICON_NAME = AppIcon;
				ASSETCATALOG_COMPILER_GLOBAL_ACCENT_COLOR_NAME = AccentColor;
				CODE_SIGN_STYLE = Automatic;
				CURRENT_PROJECT_VERSION = 1;
				DEVELOPMENT_ASSET_PATHS = "\"lesson 14 output/Preview Content\"";
				ENABLE_PREVIEWS = YES;
				GENERATE_INFOPLIST_FILE = YES;
				INFOPLIST_KEY_UIApplicationSceneManifest_Generation = YES;
				INFOPLIST_KEY_UIApplicationSupportsIndirectInputEvents = YES;
				INFOPLIST_KEY_UILaunchScreen_Generation = YES;
				INFOPLIST_KEY_UISupportedInterfaceOrientations_iPad = "UIInterfaceOrientationPortrait UIInterfaceOrientationPortraitUpsideDown UIInterfaceOrientationLandscapeLeft UIInterfaceOrientationLandscapeRight";
				INFOPLIST_KEY_UISupportedInterfaceOrientations_iPhone = "UIInterfaceOrientationPortrait UIInterfaceOrientationLandscapeLeft UIInterfaceOrientationLandscapeRight";
				LD_RUNPATH_SEARCH_PATHS = (
					"$(inherited)",
					"@executable_path/Frameworks",
				);
				MARKETING_VERSION = 1.0;
				PRODUCT_BUNDLE_IDENTIFIER = "KWK.lesson-14-output";
				PRODUCT_NAME = "$(TARGET_NAME)";
				SWIFT_EMIT_LOC_STRINGS = YES;
				SWIFT_VERSION = 5.0;
				TARGETED_DEVICE_FAMILY = "1,2";
			};
			name = Debug;
		};
		BD5E65942DC05146007E7D62 /* Release */ = {
			isa = XCBuildConfiguration;
			buildSettings = {
				ASSETCATALOG_COMPILER_APPICON_NAME = AppIcon;
				ASSETCATALOG_COMPILER_GLOBAL_ACCENT_COLOR_NAME = AccentColor;
				CODE_SIGN_STYLE = Automatic;
				CURRENT_PROJECT_VERSION = 1;
				DEVELOPMENT_ASSET_PATHS = "\"lesson 14 output/Preview Content\"";
				ENABLE_PREVIEWS = YES;
				GENERATE_INFOPLIST_FILE = YES;
				INFOPLIST_KEY_UIApplicationSceneManifest_Generation = YES;
				INFOPLIST_KEY_UIApplicationSupportsIndirectInputEvents = YES;
				INFOPLIST_KEY_UILaunchScreen_Generation = YES;
				INFOPLIST_KEY_UISupportedInterfaceOrientations_iPad = "UIInterfaceOrientationPortrait UIInterfaceOrientationPortraitUpsideDown UIInterfaceOrientationLandscapeLeft UIInterfaceOrientationLandscapeRight";
				INFOPLIST_KEY_UISupportedInterfaceOrientations_iPhone = "UIInterfaceOrientationPortrait UIInterfaceOrientationLandscapeLeft UIInterfaceOrientationLandscapeRight";
				LD_RUNPATH_SEARCH_PATHS = (
					"$(inherited)",
					"@executable_path/Frameworks",
				);
				MARKETING_VERSION = 1.0;
				PRODUCT_BUNDLE_IDENTIFIER = "KWK.lesson-14-output";
				PRODUCT_NAME = "$(TARGET_NAME)";
				SWIFT_EMIT_LOC_STRINGS = YES;
				SWIFT_VERSION = 5.0;
				TARGETED_DEVICE_FAMILY = "1,2";
			};
			name = Release;
		};
		BD5E65962DC05146007E7D62 /* Debug */ = {
			isa = XCBuildConfiguration;
			buildSettings = {
				BUNDLE_LOADER = "$(TEST_HOST)";
				CODE_SIGN_STYLE = Automatic;
				CURRENT_PROJECT_VERSION = 1;
				GENERATE_INFOPLIST_FILE = YES;
				IPHONEOS_DEPLOYMENT_TARGET = 18.2;
				MARKETING_VERSION = 1.0;
				PRODUCT_BUNDLE_IDENTIFIER = "KWK.lesson-14-outputTests";
				PRODUCT_NAME = "$(TARGET_NAME)";
				SWIFT_EMIT_LOC_STRINGS = NO;
				SWIFT_VERSION = 5.0;
				TARGETED_DEVICE_FAMILY = "1,2";
				TEST_HOST = "$(BUILT_PRODUCTS_DIR)/lesson 14 output.app/$(BUNDLE_EXECUTABLE_FOLDER_PATH)/lesson 14 output";
			};
			name = Debug;
		};
		BD5E65972DC05146007E7D62 /* Release */ = {
			isa = XCBuildConfiguration;
			buildSettings = {
				BUNDLE_LOADER = "$(TEST_HOST)";
				CODE_SIGN_STYLE = Automatic;
				CURRENT_PROJECT_VERSION = 1;
				GENERATE_INFOPLIST_FILE = YES;
				IPHONEOS_DEPLOYMENT_TARGET = 18.2;
				MARKETING_VERSION = 1.0;
				PRODUCT_BUNDLE_IDENTIFIER = "KWK.lesson-14-outputTests";
				PRODUCT_NAME = "$(TARGET_NAME)";
				SWIFT_EMIT_LOC_STRINGS = NO;
				SWIFT_VERSION = 5.0;
				TARGETED_DEVICE_FAMILY = "1,2";
				TEST_HOST = "$(BUILT_PRODUCTS_DIR)/lesson 14 output.app/$(BUNDLE_EXECUTABLE_FOLDER_PATH)/lesson 14 output";
			};
			name = Release;
		};
		BD5E65992DC05146007E7D62 /* Debug */ = {
			isa = XCBuildConfiguration;
			buildSettings = {
				CODE_SIGN_STYLE = Automatic;
				CURRENT_PROJECT_VERSION = 1;
				GENERATE_INFOPLIST_FILE = YES;
				MARKETING_VERSION = 1.0;
				PRODUCT_BUNDLE_IDENTIFIER = "KWK.lesson-14-outputUITests";
				PRODUCT_NAME = "$(TARGET_NAME)";
				SWIFT_EMIT_LOC_STRINGS = NO;
				SWIFT_VERSION = 5.0;
				TARGETED_DEVICE_FAMILY = "1,2";
				TEST_TARGET_NAME = "lesson 14 output";
			};
			name = Debug;
		};
		BD5E659A2DC05146007E7D62 /* Release */ = {
			isa = XCBuildConfiguration;
			buildSettings = {
				CODE_SIGN_STYLE = Automatic;
				CURRENT_PROJECT_VERSION = 1;
				GENERATE_INFOPLIST_FILE = YES;
				MARKETING_VERSION = 1.0;
				PRODUCT_BUNDLE_IDENTIFIER = "KWK.lesson-14-outputUITests";
				PRODUCT_NAME = "$(TARGET_NAME)";
				SWIFT_EMIT_LOC_STRINGS = NO;
				SWIFT_VERSION = 5.0;
				TARGETED_DEVICE_FAMILY = "1,2";
				TEST_TARGET_NAME = "lesson 14 output";
			};
			name = Release;
		};
/* End XCBuildConfiguration section */

/* Begin XCConfigurationList section */
		BD5E65692DC05143007E7D62 /* Build configuration list for PBXProject "lesson 14 output" */ = {
			isa = XCConfigurationList;
			buildConfigurations = (
				BD5E65902DC05146007E7D62 /* Debug */,
				BD5E65912DC05146007E7D62 /* Release */,
			);
			defaultConfigurationIsVisible = 0;
			defaultConfigurationName = Release;
		};
		BD5E65922DC05146007E7D62 /* Build configuration list for PBXNativeTarget "lesson 14 output" */ = {
			isa = XCConfigurationList;
			buildConfigurations = (
				BD5E65932DC05146007E7D62 /* Debug */,
				BD5E65942DC05146007E7D62 /* Release */,
			);
			defaultConfigurationIsVisible = 0;
			defaultConfigurationName = Release;
		};
		BD5E65952DC05146007E7D62 /* Build configuration list for PBXNativeTarget "lesson 14 outputTests" */ = {
			isa = XCConfigurationList;
			buildConfigurations = (
				BD5E65962DC05146007E7D62 /* Debug */,
				BD5E65972DC05146007E7D62 /* Release */,
			);
			defaultConfigurationIsVisible = 0;
			defaultConfigurationName = Release;
		};
		BD5E65982DC05146007E7D62 /* Build configuration list for PBXNativeTarget "lesson 14 outputUITests" */ = {
			isa = XCConfigurationList;
			buildConfigurations = (
				BD5E65992DC05146007E7D62 /* Debug */,
				BD5E659A2DC05146007E7D62 /* Release */,
			);
			defaultConfigurationIsVisible = 0;
			defaultConfigurationName = Release;
		};
/* End XCConfigurationList section */
	};
	rootObject = BD5E65662DC05143007E7D62 /* Project object */;
}
